
Microsoft Visual Studio Solution File, Format Version 12.00
# Visual Studio 15
VisualStudioVersion = 15.0.28010.2046
MinimumVisualStudioVersion = 10.0.40219.1
Project("{FAE04EC0-301F-11D3-BF4B-00C04F79EFBC}") = "SimplyJson.Test", "SimplyJson.Test\SimplyJson.Test.csproj", "{24C7E27F-8DC6-433C-A862-2DEEC556BE32}"
EndProject
Project("{FAE04EC0-301F-11D3-BF4B-00C04F79EFBC}") = "SimplyJson", "SimplyJson\SimplyJson.csproj", "{EF138E08-98EA-40B0-939F-DD4C783338E5}"
EndProject
Global
	GlobalSection(SolutionConfigurationPlatforms) = preSolution
		Debug|Any CPU = Debug|Any CPU
		Release|Any CPU = Release|Any CPU
	EndGlobalSection
	GlobalSection(ProjectConfigurationPlatforms) = postSolution
		{24C7E27F-8DC6-433C-A862-2DEEC556BE32}.Debug|Any CPU.ActiveCfg = Debug|Any CPU
		{24C7E27F-8DC6-433C-A862-2DEEC556BE32}.Debug|Any CPU.Build.0 = Debug|Any CPU
		{24C7E27F-8DC6-433C-A862-2DEEC556BE32}.Release|Any CPU.ActiveCfg = Release|Any CPU
		{24C7E27F-8DC6-433C-A862-2DEEC556BE32}.Release|Any CPU.Build.0 = Release|Any CPU
		{EF138E08-98EA-40B0-939F-DD4C783338E5}.Debug|Any CPU.ActiveCfg = Debug|Any CPU
		{EF138E08-98EA-40B0-939F-DD4C783338E5}.Debug|Any CPU.Build.0 = Debug|Any CPU
		{EF138E08-98EA-40B0-939F-DD4C783338E5}.Release|Any CPU.ActiveCfg = Release|Any CPU
		{EF138E08-98EA-40B0-939F-DD4C783338E5}.Release|Any CPU.Build.0 = Release|Any CPU
	EndGlobalSection
	GlobalSection(SolutionProperties) = preSolution
		HideSolutionNode = FALSE
	EndGlobalSection
	GlobalSection(ExtensibilityGlobals) = postSolution
		SolutionGuid = {BF00ED45-A1DB-4004-A995-FE0F2779D332}
	EndGlobalSection
EndGlobal
